
Microsoft Visual Studio Solution File, Format Version 12.00
# Visual Studio Version 17
VisualStudioVersion = 17.4.33213.308
MinimumVisualStudioVersion = 10.0.40219.1
Project("{FAE04EC0-301F-11D3-BF4B-00C04F79EFBC}") = "R5Admin", "R5Admin\R5Admin.csproj", "{1F2DB5C4-B8A7-46C6-96E2-9A684DEBD29E}"
EndProject
Global
	GlobalSection(SolutionConfigurationPlatforms) = preSolution
		Debug|Any CPU = Debug|Any CPU
		Release|Any CPU = Release|Any CPU
	EndGlobalSection
	GlobalSection(ProjectConfigurationPlatforms) = postSolution
		{1F2DB5C4-B8A7-46C6-96E2-9A684DEBD29E}.Debug|Any CPU.ActiveCfg = Debug|Any CPU
		{1F2DB5C4-B8A7-46C6-96E2-9A684DEBD29E}.Debug|Any CPU.Build.0 = Debug|Any CPU
		{1F2DB5C4-B8A7-46C6-96E2-9A684DEBD29E}.Release|Any CPU.ActiveCfg = Release|Any CPU
		{1F2DB5C4-B8A7-46C6-96E2-9A684DEBD29E}.Release|Any CPU.Build.0 = Release|Any CPU
	EndGlobalSection
	GlobalSection(SolutionProperties) = preSolution
		HideSolutionNode = FALSE
	EndGlobalSection
	GlobalSection(ExtensibilityGlobals) = postSolution
		SolutionGuid = {7E7D9E13-C947-4093-AE24-8291298DDBAB}
	EndGlobalSection
EndGlobal
